
Microsoft Visual Studio Solution File, Format Version 12.00
# Visual Studio 15
VisualStudioVersion = 15.0.28307.1022
MinimumVisualStudioVersion = 10.0.40219.1
Project("{8BC9CEB8-8B4A-11D0-8D11-00A0C91BC942}") = "Q124", "Q124\Q124.vcxproj", "{59EE2599-2D0C-4CE8-A38A-70A7F1D3B147}"
EndProject
Project("{8BC9CEB8-8B4A-11D0-8D11-00A0C91BC942}") = "Q125", "..\Q125\Q125\Q125.vcxproj", "{5DCAE36E-69B2-435F-84E8-C1BF52245809}"
EndProject
Project("{8BC9CEB8-8B4A-11D0-8D11-00A0C91BC942}") = "Q126", "..\Q126\Q126\Q126.vcxproj", "{EFA26A25-4157-4883-8472-7E8898E8131E}"
EndProject
Project("{8BC9CEB8-8B4A-11D0-8D11-00A0C91BC942}") = "Q127", "..\Q127\Q127\Q127.vcxproj", "{7683D243-CCAD-4E97-BC4D-AFF238312736}"
EndProject
Global
	GlobalSection(SolutionConfigurationPlatforms) = preSolution
		Debug|x64 = Debug|x64
		Debug|x86 = Debug|x86
		Release|x64 = Release|x64
		Release|x86 = Release|x86
	EndGlobalSection
	GlobalSection(ProjectConfigurationPlatforms) = postSolution
		{59EE2599-2D0C-4CE8-A38A-70A7F1D3B147}.Debug|x64.ActiveCfg = Debug|x64
		{59EE2599-2D0C-4CE8-A38A-70A7F1D3B147}.Debug|x64.Build.0 = Debug|x64
		{59EE2599-2D0C-4CE8-A38A-70A7F1D3B147}.Debug|x86.ActiveCfg = Debug|Win32
		{59EE2599-2D0C-4CE8-A38A-70A7F1D3B147}.Debug|x86.Build.0 = Debug|Win32
		{59EE2599-2D0C-4CE8-A38A-70A7F1D3B147}.Release|x64.ActiveCfg = Release|x64
		{59EE2599-2D0C-4CE8-A38A-70A7F1D3B147}.Release|x64.Build.0 = Release|x64
		{59EE2599-2D0C-4CE8-A38A-70A7F1D3B147}.Release|x86.ActiveCfg = Release|Win32
		{59EE2599-2D0C-4CE8-A38A-70A7F1D3B147}.Release|x86.Build.0 = Release|Win32
		{5DCAE36E-69B2-435F-84E8-C1BF52245809}.Debug|x64.ActiveCfg = Debug|x64
		{5DCAE36E-69B2-435F-84E8-C1BF52245809}.Debug|x64.Build.0 = Debug|x64
		{5DCAE36E-69B2-435F-84E8-C1BF52245809}.Debug|x86.ActiveCfg = Debug|Win32
		{5DCAE36E-69B2-435F-84E8-C1BF52245809}.Debug|x86.Build.0 = Debug|Win32
		{5DCAE36E-69B2-435F-84E8-C1BF52245809}.Release|x64.ActiveCfg = Release|x64
		{5DCAE36E-69B2-435F-84E8-C1BF52245809}.Release|x64.Build.0 = Release|x64
		{5DCAE36E-69B2-435F-84E8-C1BF52245809}.Release|x86.ActiveCfg = Release|Win32
		{5DCAE36E-69B2-435F-84E8-C1BF52245809}.Release|x86.Build.0 = Release|Win32
		{EFA26A25-4157-4883-8472-7E8898E8131E}.Debug|x64.ActiveCfg = Debug|x64
		{EFA26A25-4157-4883-8472-7E8898E8131E}.Debug|x64.Build.0 = Debug|x64
		{EFA26A25-4157-4883-8472-7E8898E8131E}.Debug|x86.ActiveCfg = Debug|Win32
		{EFA26A25-4157-4883-8472-7E8898E8131E}.Debug|x86.Build.0 = Debug|Win32
		{EFA26A25-4157-4883-8472-7E8898E8131E}.Release|x64.ActiveCfg = Release|x64
		{EFA26A25-4157-4883-8472-7E8898E8131E}.Release|x64.Build.0 = Release|x64
		{EFA26A25-4157-4883-8472-7E8898E8131E}.Release|x86.ActiveCfg = Release|Win32
		{EFA26A25-4157-4883-8472-7E8898E8131E}.Release|x86.Build.0 = Release|Win32
		{7683D243-CCAD-4E97-BC4D-AFF238312736}.Debug|x64.ActiveCfg = Debug|x64
		{7683D243-CCAD-4E97-BC4D-AFF238312736}.Debug|x64.Build.0 = Debug|x64
		{7683D243-CCAD-4E97-BC4D-AFF238312736}.Debug|x86.ActiveCfg = Debug|Win32
		{7683D243-CCAD-4E97-BC4D-AFF238312736}.Debug|x86.Build.0 = Debug|Win32
		{7683D243-CCAD-4E97-BC4D-AFF238312736}.Release|x64.ActiveCfg = Release|x64
		{7683D243-CCAD-4E97-BC4D-AFF238312736}.Release|x64.Build.0 = Release|x64
		{7683D243-CCAD-4E97-BC4D-AFF238312736}.Release|x86.ActiveCfg = Release|Win32
		{7683D243-CCAD-4E97-BC4D-AFF238312736}.Release|x86.Build.0 = Release|Win32
	EndGlobalSection
	GlobalSection(SolutionProperties) = preSolution
		HideSolutionNode = FALSE
	EndGlobalSection
	GlobalSection(ExtensibilityGlobals) = postSolution
		SolutionGuid = {69B2B889-D7B9-4E14-AF01-2AE0FF2AC07E}
	EndGlobalSection
EndGlobal
