
Microsoft Visual Studio Solution File, Format Version 12.00
# Visual Studio 15
VisualStudioVersion = 15.0.28307.1022
MinimumVisualStudioVersion = 10.0.40219.1
Project("{8BC9CEB8-8B4A-11D0-8D11-00A0C91BC942}") = "Q114", "Q114\Q114.vcxproj", "{3E727FB0-30B1-4BA3-937A-244B2E17FF52}"
EndProject
Project("{8BC9CEB8-8B4A-11D0-8D11-00A0C91BC942}") = "Q115", "..\..\Q115\Q115\Q115.vcxproj", "{F3AAE83B-03CB-43E2-B154-3497F7C91B00}"
EndProject
Project("{8BC9CEB8-8B4A-11D0-8D11-00A0C91BC942}") = "Q116", "..\..\Q116\Q116\Q116.vcxproj", "{AFF5AE43-A186-4D83-9F2B-E516A39C9DCA}"
EndProject
Project("{8BC9CEB8-8B4A-11D0-8D11-00A0C91BC942}") = "Q117", "..\..\Q117\Q117\Q117.vcxproj", "{A07A2143-FD97-4D9D-B62B-D59436B80E9D}"
EndProject
Project("{8BC9CEB8-8B4A-11D0-8D11-00A0C91BC942}") = "Q118", "..\..\Q118\Q118\Q118.vcxproj", "{2453A670-89A3-410D-9050-01A8B9BD6C1F}"
EndProject
Project("{8BC9CEB8-8B4A-11D0-8D11-00A0C91BC942}") = "Q119", "..\..\Q119\Q119\Q119.vcxproj", "{402D96C8-66E9-43AC-ADAD-317D32D4D487}"
EndProject
Project("{8BC9CEB8-8B4A-11D0-8D11-00A0C91BC942}") = "Q120", "..\..\Q120\Q120\Q120.vcxproj", "{34F7748A-3991-4F44-BB2A-CF543132CFBC}"
EndProject
Project("{8BC9CEB8-8B4A-11D0-8D11-00A0C91BC942}") = "Q121", "..\..\Q121\Q121\Q121.vcxproj", "{D7178319-FCAA-4342-89B6-DCDC94E56292}"
EndProject
Project("{8BC9CEB8-8B4A-11D0-8D11-00A0C91BC942}") = "Q122", "..\..\Q122\Q122\Q122.vcxproj", "{B9E2E66A-35A9-4FED-ABD2-4B166B660F4D}"
EndProject
Project("{8BC9CEB8-8B4A-11D0-8D11-00A0C91BC942}") = "Q123", "..\..\Q123\Q123\Q123.vcxproj", "{222E0E3B-E608-4AB0-97C0-3883A8BCEA3D}"
EndProject
Global
	GlobalSection(SolutionConfigurationPlatforms) = preSolution
		Debug|x64 = Debug|x64
		Debug|x86 = Debug|x86
		Release|x64 = Release|x64
		Release|x86 = Release|x86
	EndGlobalSection
	GlobalSection(ProjectConfigurationPlatforms) = postSolution
		{3E727FB0-30B1-4BA3-937A-244B2E17FF52}.Debug|x64.ActiveCfg = Debug|x64
		{3E727FB0-30B1-4BA3-937A-244B2E17FF52}.Debug|x64.Build.0 = Debug|x64
		{3E727FB0-30B1-4BA3-937A-244B2E17FF52}.Debug|x86.ActiveCfg = Debug|Win32
		{3E727FB0-30B1-4BA3-937A-244B2E17FF52}.Debug|x86.Build.0 = Debug|Win32
		{3E727FB0-30B1-4BA3-937A-244B2E17FF52}.Release|x64.ActiveCfg = Release|x64
		{3E727FB0-30B1-4BA3-937A-244B2E17FF52}.Release|x64.Build.0 = Release|x64
		{3E727FB0-30B1-4BA3-937A-244B2E17FF52}.Release|x86.ActiveCfg = Release|Win32
		{3E727FB0-30B1-4BA3-937A-244B2E17FF52}.Release|x86.Build.0 = Release|Win32
		{F3AAE83B-03CB-43E2-B154-3497F7C91B00}.Debug|x64.ActiveCfg = Debug|x64
		{F3AAE83B-03CB-43E2-B154-3497F7C91B00}.Debug|x64.Build.0 = Debug|x64
		{F3AAE83B-03CB-43E2-B154-3497F7C91B00}.Debug|x86.ActiveCfg = Debug|Win32
		{F3AAE83B-03CB-43E2-B154-3497F7C91B00}.Debug|x86.Build.0 = Debug|Win32
		{F3AAE83B-03CB-43E2-B154-3497F7C91B00}.Release|x64.ActiveCfg = Release|x64
		{F3AAE83B-03CB-43E2-B154-3497F7C91B00}.Release|x64.Build.0 = Release|x64
		{F3AAE83B-03CB-43E2-B154-3497F7C91B00}.Release|x86.ActiveCfg = Release|Win32
		{F3AAE83B-03CB-43E2-B154-3497F7C91B00}.Release|x86.Build.0 = Release|Win32
		{AFF5AE43-A186-4D83-9F2B-E516A39C9DCA}.Debug|x64.ActiveCfg = Debug|x64
		{AFF5AE43-A186-4D83-9F2B-E516A39C9DCA}.Debug|x64.Build.0 = Debug|x64
		{AFF5AE43-A186-4D83-9F2B-E516A39C9DCA}.Debug|x86.ActiveCfg = Debug|Win32
		{AFF5AE43-A186-4D83-9F2B-E516A39C9DCA}.Debug|x86.Build.0 = Debug|Win32
		{AFF5AE43-A186-4D83-9F2B-E516A39C9DCA}.Release|x64.ActiveCfg = Release|x64
		{AFF5AE43-A186-4D83-9F2B-E516A39C9DCA}.Release|x64.Build.0 = Release|x64
		{AFF5AE43-A186-4D83-9F2B-E516A39C9DCA}.Release|x86.ActiveCfg = Release|Win32
		{AFF5AE43-A186-4D83-9F2B-E516A39C9DCA}.Release|x86.Build.0 = Release|Win32
		{A07A2143-FD97-4D9D-B62B-D59436B80E9D}.Debug|x64.ActiveCfg = Debug|x64
		{A07A2143-FD97-4D9D-B62B-D59436B80E9D}.Debug|x64.Build.0 = Debug|x64
		{A07A2143-FD97-4D9D-B62B-D59436B80E9D}.Debug|x86.ActiveCfg = Debug|Win32
		{A07A2143-FD97-4D9D-B62B-D59436B80E9D}.Debug|x86.Build.0 = Debug|Win32
		{A07A2143-FD97-4D9D-B62B-D59436B80E9D}.Release|x64.ActiveCfg = Release|x64
		{A07A2143-FD97-4D9D-B62B-D59436B80E9D}.Release|x64.Build.0 = Release|x64
		{A07A2143-FD97-4D9D-B62B-D59436B80E9D}.Release|x86.ActiveCfg = Release|Win32
		{A07A2143-FD97-4D9D-B62B-D59436B80E9D}.Release|x86.Build.0 = Release|Win32
		{2453A670-89A3-410D-9050-01A8B9BD6C1F}.Debug|x64.ActiveCfg = Debug|x64
		{2453A670-89A3-410D-9050-01A8B9BD6C1F}.Debug|x64.Build.0 = Debug|x64
		{2453A670-89A3-410D-9050-01A8B9BD6C1F}.Debug|x86.ActiveCfg = Debug|Win32
		{2453A670-89A3-410D-9050-01A8B9BD6C1F}.Debug|x86.Build.0 = Debug|Win32
		{2453A670-89A3-410D-9050-01A8B9BD6C1F}.Release|x64.ActiveCfg = Release|x64
		{2453A670-89A3-410D-9050-01A8B9BD6C1F}.Release|x64.Build.0 = Release|x64
		{2453A670-89A3-410D-9050-01A8B9BD6C1F}.Release|x86.ActiveCfg = Release|Win32
		{2453A670-89A3-410D-9050-01A8B9BD6C1F}.Release|x86.Build.0 = Release|Win32
		{402D96C8-66E9-43AC-ADAD-317D32D4D487}.Debug|x64.ActiveCfg = Debug|x64
		{402D96C8-66E9-43AC-ADAD-317D32D4D487}.Debug|x64.Build.0 = Debug|x64
		{402D96C8-66E9-43AC-ADAD-317D32D4D487}.Debug|x86.ActiveCfg = Debug|Win32
		{402D96C8-66E9-43AC-ADAD-317D32D4D487}.Debug|x86.Build.0 = Debug|Win32
		{402D96C8-66E9-43AC-ADAD-317D32D4D487}.Release|x64.ActiveCfg = Release|x64
		{402D96C8-66E9-43AC-ADAD-317D32D4D487}.Release|x64.Build.0 = Release|x64
		{402D96C8-66E9-43AC-ADAD-317D32D4D487}.Release|x86.ActiveCfg = Release|Win32
		{402D96C8-66E9-43AC-ADAD-317D32D4D487}.Release|x86.Build.0 = Release|Win32
		{34F7748A-3991-4F44-BB2A-CF543132CFBC}.Debug|x64.ActiveCfg = Debug|x64
		{34F7748A-3991-4F44-BB2A-CF543132CFBC}.Debug|x64.Build.0 = Debug|x64
		{34F7748A-3991-4F44-BB2A-CF543132CFBC}.Debug|x86.ActiveCfg = Debug|Win32
		{34F7748A-3991-4F44-BB2A-CF543132CFBC}.Debug|x86.Build.0 = Debug|Win32
		{34F7748A-3991-4F44-BB2A-CF543132CFBC}.Release|x64.ActiveCfg = Release|x64
		{34F7748A-3991-4F44-BB2A-CF543132CFBC}.Release|x64.Build.0 = Release|x64
		{34F7748A-3991-4F44-BB2A-CF543132CFBC}.Release|x86.ActiveCfg = Release|Win32
		{34F7748A-3991-4F44-BB2A-CF543132CFBC}.Release|x86.Build.0 = Release|Win32
		{D7178319-FCAA-4342-89B6-DCDC94E56292}.Debug|x64.ActiveCfg = Debug|x64
		{D7178319-FCAA-4342-89B6-DCDC94E56292}.Debug|x64.Build.0 = Debug|x64
		{D7178319-FCAA-4342-89B6-DCDC94E56292}.Debug|x86.ActiveCfg = Debug|Win32
		{D7178319-FCAA-4342-89B6-DCDC94E56292}.Debug|x86.Build.0 = Debug|Win32
		{D7178319-FCAA-4342-89B6-DCDC94E56292}.Release|x64.ActiveCfg = Release|x64
		{D7178319-FCAA-4342-89B6-DCDC94E56292}.Release|x64.Build.0 = Release|x64
		{D7178319-FCAA-4342-89B6-DCDC94E56292}.Release|x86.ActiveCfg = Release|Win32
		{D7178319-FCAA-4342-89B6-DCDC94E56292}.Release|x86.Build.0 = Release|Win32
		{B9E2E66A-35A9-4FED-ABD2-4B166B660F4D}.Debug|x64.ActiveCfg = Debug|x64
		{B9E2E66A-35A9-4FED-ABD2-4B166B660F4D}.Debug|x64.Build.0 = Debug|x64
		{B9E2E66A-35A9-4FED-ABD2-4B166B660F4D}.Debug|x86.ActiveCfg = Debug|Win32
		{B9E2E66A-35A9-4FED-ABD2-4B166B660F4D}.Debug|x86.Build.0 = Debug|Win32
		{B9E2E66A-35A9-4FED-ABD2-4B166B660F4D}.Release|x64.ActiveCfg = Release|x64
		{B9E2E66A-35A9-4FED-ABD2-4B166B660F4D}.Release|x64.Build.0 = Release|x64
		{B9E2E66A-35A9-4FED-ABD2-4B166B660F4D}.Release|x86.ActiveCfg = Release|Win32
		{B9E2E66A-35A9-4FED-ABD2-4B166B660F4D}.Release|x86.Build.0 = Release|Win32
		{222E0E3B-E608-4AB0-97C0-3883A8BCEA3D}.Debug|x64.ActiveCfg = Debug|x64
		{222E0E3B-E608-4AB0-97C0-3883A8BCEA3D}.Debug|x64.Build.0 = Debug|x64
		{222E0E3B-E608-4AB0-97C0-3883A8BCEA3D}.Debug|x86.ActiveCfg = Debug|Win32
		{222E0E3B-E608-4AB0-97C0-3883A8BCEA3D}.Debug|x86.Build.0 = Debug|Win32
		{222E0E3B-E608-4AB0-97C0-3883A8BCEA3D}.Release|x64.ActiveCfg = Release|x64
		{222E0E3B-E608-4AB0-97C0-3883A8BCEA3D}.Release|x64.Build.0 = Release|x64
		{222E0E3B-E608-4AB0-97C0-3883A8BCEA3D}.Release|x86.ActiveCfg = Release|Win32
		{222E0E3B-E608-4AB0-97C0-3883A8BCEA3D}.Release|x86.Build.0 = Release|Win32
	EndGlobalSection
	GlobalSection(SolutionProperties) = preSolution
		HideSolutionNode = FALSE
	EndGlobalSection
	GlobalSection(ExtensibilityGlobals) = postSolution
		SolutionGuid = {C82AFDD1-1862-49D8-B23E-C5CF27146D25}
	EndGlobalSection
EndGlobal
